
Microsoft Visual Studio Solution File, Format Version 12.00
# Visual Studio Version 16
VisualStudioVersion = 16.0.30621.155
MinimumVisualStudioVersion = 10.0.40219.1
Project("{9A19103F-16F7-4668-BE54-9A1E7A4F7556}") = "Atropos", "Atropos\Atropos.csproj", "{A89CB685-F665-4EA3-866F-02C2795FC8D0}"
EndProject
Project("{2150E333-8FDC-42A3-9474-1A3956D46DE8}") = "Solution Items", "Solution Items", "{27FD88F8-CEB0-437B-8928-CAF8EF781005}"
	ProjectSection(SolutionItems) = preProject
		.gitignore = .gitignore
		.github\workflows\dotnet-core.yml = .github\workflows\dotnet-core.yml
		README.md = README.md
	EndProjectSection
EndProject
Project("{9A19103F-16F7-4668-BE54-9A1E7A4F7556}") = "Atropos.Tests", "Atropos.Tests\Atropos.Tests.csproj", "{89DEC0C5-E960-4082-B858-929275055156}"
EndProject
Project("{9A19103F-16F7-4668-BE54-9A1E7A4F7556}") = "Atropos.Benchmarks", "Atropos.Benchmarks\Atropos.Benchmarks.csproj", "{B9C090B8-07AF-4184-8083-63D96F215E88}"
EndProject
Global
	GlobalSection(SolutionConfigurationPlatforms) = preSolution
		Debug|Any CPU = Debug|Any CPU
		Release|Any CPU = Release|Any CPU
	EndGlobalSection
	GlobalSection(ProjectConfigurationPlatforms) = postSolution
		{A89CB685-F665-4EA3-866F-02C2795FC8D0}.Debug|Any CPU.ActiveCfg = Debug|Any CPU
		{A89CB685-F665-4EA3-866F-02C2795FC8D0}.Debug|Any CPU.Build.0 = Debug|Any CPU
		{A89CB685-F665-4EA3-866F-02C2795FC8D0}.Release|Any CPU.ActiveCfg = Release|Any CPU
		{A89CB685-F665-4EA3-866F-02C2795FC8D0}.Release|Any CPU.Build.0 = Release|Any CPU
		{89DEC0C5-E960-4082-B858-929275055156}.Debug|Any CPU.ActiveCfg = Debug|Any CPU
		{89DEC0C5-E960-4082-B858-929275055156}.Debug|Any CPU.Build.0 = Debug|Any CPU
		{89DEC0C5-E960-4082-B858-929275055156}.Release|Any CPU.ActiveCfg = Release|Any CPU
		{89DEC0C5-E960-4082-B858-929275055156}.Release|Any CPU.Build.0 = Release|Any CPU
		{B9C090B8-07AF-4184-8083-63D96F215E88}.Debug|Any CPU.ActiveCfg = Debug|Any CPU
		{B9C090B8-07AF-4184-8083-63D96F215E88}.Debug|Any CPU.Build.0 = Debug|Any CPU
		{B9C090B8-07AF-4184-8083-63D96F215E88}.Release|Any CPU.ActiveCfg = Release|Any CPU
		{B9C090B8-07AF-4184-8083-63D96F215E88}.Release|Any CPU.Build.0 = Release|Any CPU
	EndGlobalSection
	GlobalSection(SolutionProperties) = preSolution
		HideSolutionNode = FALSE
	EndGlobalSection
	GlobalSection(ExtensibilityGlobals) = postSolution
		SolutionGuid = {86DAF1E2-7F17-4AC2-BF4D-A2128D21B451}
	EndGlobalSection
EndGlobal
